
Microsoft Visual Studio Solution File, Format Version 12.00
# Visual Studio Version 16
VisualStudioVersion = 16.0.30104.148
MinimumVisualStudioVersion = 10.0.40219.1
Project("{8BC9CEB8-8B4A-11D0-8D11-00A0C91BC942}") = "SocketServer", "SocketServer\SocketServer.vcxproj", "{435396FC-5779-477B-9E6E-467749BDC724}"
	ProjectSection(ProjectDependencies) = postProject
		{A7783D64-DA1D-40CD-87CA-BBEB25BC8FA3} = {A7783D64-DA1D-40CD-87CA-BBEB25BC8FA3}
	EndProjectSection
EndProject
Project("{8BC9CEB8-8B4A-11D0-8D11-00A0C91BC942}") = "SocketClient", "SocketClient\SocketClient.vcxproj", "{A7783D64-DA1D-40CD-87CA-BBEB25BC8FA3}"
EndProject
Project("{FAE04EC0-301F-11D3-BF4B-00C04F79EFBC}") = "SocketClientSharp", "SocketClientSharp\SocketClientSharp.csproj", "{44499E66-FC8B-44D3-85F6-D60B5BBA668E}"
EndProject
Project("{888888A0-9F3D-457C-B088-3A5042F75D52}") = "SocketClientPython", "SocketClientPython\SocketClientPython.pyproj", "{D7C17544-2C22-428D-9186-71CE95105FB0}"
EndProject
Project("{8BC9CEB8-8B4A-11D0-8D11-00A0C91BC942}") = "SocketStorage", "SocketStorage\SocketStorage.vcxproj", "{CCB20CE1-5036-4EA2-8A0F-55936AC03EB9}"
EndProject
Project("{888888A0-9F3D-457C-B088-3A5042F75D52}") = "SocketCGI", "SocketCGI\SocketCGI.pyproj", "{CA0F6B8A-5E69-4FDA-B0E4-21CF7A64E758}"
EndProject
Global
	GlobalSection(SolutionConfigurationPlatforms) = preSolution
		Debug|Any CPU = Debug|Any CPU
		Debug|x64 = Debug|x64
		Debug|x86 = Debug|x86
		Release|Any CPU = Release|Any CPU
		Release|x64 = Release|x64
		Release|x86 = Release|x86
	EndGlobalSection
	GlobalSection(ProjectConfigurationPlatforms) = postSolution
		{435396FC-5779-477B-9E6E-467749BDC724}.Debug|Any CPU.ActiveCfg = Debug|Win32
		{435396FC-5779-477B-9E6E-467749BDC724}.Debug|x64.ActiveCfg = Debug|x64
		{435396FC-5779-477B-9E6E-467749BDC724}.Debug|x64.Build.0 = Debug|x64
		{435396FC-5779-477B-9E6E-467749BDC724}.Debug|x86.ActiveCfg = Debug|Win32
		{435396FC-5779-477B-9E6E-467749BDC724}.Debug|x86.Build.0 = Debug|Win32
		{435396FC-5779-477B-9E6E-467749BDC724}.Release|Any CPU.ActiveCfg = Release|Win32
		{435396FC-5779-477B-9E6E-467749BDC724}.Release|x64.ActiveCfg = Release|x64
		{435396FC-5779-477B-9E6E-467749BDC724}.Release|x64.Build.0 = Release|x64
		{435396FC-5779-477B-9E6E-467749BDC724}.Release|x86.ActiveCfg = Release|Win32
		{435396FC-5779-477B-9E6E-467749BDC724}.Release|x86.Build.0 = Release|Win32
		{A7783D64-DA1D-40CD-87CA-BBEB25BC8FA3}.Debug|Any CPU.ActiveCfg = Debug|Win32
		{A7783D64-DA1D-40CD-87CA-BBEB25BC8FA3}.Debug|x64.ActiveCfg = Debug|x64
		{A7783D64-DA1D-40CD-87CA-BBEB25BC8FA3}.Debug|x64.Build.0 = Debug|x64
		{A7783D64-DA1D-40CD-87CA-BBEB25BC8FA3}.Debug|x86.ActiveCfg = Debug|Win32
		{A7783D64-DA1D-40CD-87CA-BBEB25BC8FA3}.Debug|x86.Build.0 = Debug|Win32
		{A7783D64-DA1D-40CD-87CA-BBEB25BC8FA3}.Release|Any CPU.ActiveCfg = Release|Win32
		{A7783D64-DA1D-40CD-87CA-BBEB25BC8FA3}.Release|x64.ActiveCfg = Release|x64
		{A7783D64-DA1D-40CD-87CA-BBEB25BC8FA3}.Release|x64.Build.0 = Release|x64
		{A7783D64-DA1D-40CD-87CA-BBEB25BC8FA3}.Release|x86.ActiveCfg = Release|Win32
		{A7783D64-DA1D-40CD-87CA-BBEB25BC8FA3}.Release|x86.Build.0 = Release|Win32
		{44499E66-FC8B-44D3-85F6-D60B5BBA668E}.Debug|Any CPU.ActiveCfg = Debug|Any CPU
		{44499E66-FC8B-44D3-85F6-D60B5BBA668E}.Debug|Any CPU.Build.0 = Debug|Any CPU
		{44499E66-FC8B-44D3-85F6-D60B5BBA668E}.Debug|x64.ActiveCfg = Debug|Any CPU
		{44499E66-FC8B-44D3-85F6-D60B5BBA668E}.Debug|x64.Build.0 = Debug|Any CPU
		{44499E66-FC8B-44D3-85F6-D60B5BBA668E}.Debug|x86.ActiveCfg = Debug|Any CPU
		{44499E66-FC8B-44D3-85F6-D60B5BBA668E}.Debug|x86.Build.0 = Debug|Any CPU
		{44499E66-FC8B-44D3-85F6-D60B5BBA668E}.Release|Any CPU.ActiveCfg = Release|Any CPU
		{44499E66-FC8B-44D3-85F6-D60B5BBA668E}.Release|Any CPU.Build.0 = Release|Any CPU
		{44499E66-FC8B-44D3-85F6-D60B5BBA668E}.Release|x64.ActiveCfg = Release|Any CPU
		{44499E66-FC8B-44D3-85F6-D60B5BBA668E}.Release|x64.Build.0 = Release|Any CPU
		{44499E66-FC8B-44D3-85F6-D60B5BBA668E}.Release|x86.ActiveCfg = Release|Any CPU
		{44499E66-FC8B-44D3-85F6-D60B5BBA668E}.Release|x86.Build.0 = Release|Any CPU
		{D7C17544-2C22-428D-9186-71CE95105FB0}.Debug|Any CPU.ActiveCfg = Debug|Any CPU
		{D7C17544-2C22-428D-9186-71CE95105FB0}.Debug|x64.ActiveCfg = Debug|Any CPU
		{D7C17544-2C22-428D-9186-71CE95105FB0}.Debug|x86.ActiveCfg = Debug|Any CPU
		{D7C17544-2C22-428D-9186-71CE95105FB0}.Release|Any CPU.ActiveCfg = Release|Any CPU
		{D7C17544-2C22-428D-9186-71CE95105FB0}.Release|x64.ActiveCfg = Release|Any CPU
		{D7C17544-2C22-428D-9186-71CE95105FB0}.Release|x86.ActiveCfg = Release|Any CPU
		{CCB20CE1-5036-4EA2-8A0F-55936AC03EB9}.Debug|Any CPU.ActiveCfg = Debug|Win32
		{CCB20CE1-5036-4EA2-8A0F-55936AC03EB9}.Debug|x64.ActiveCfg = Debug|x64
		{CCB20CE1-5036-4EA2-8A0F-55936AC03EB9}.Debug|x64.Build.0 = Debug|x64
		{CCB20CE1-5036-4EA2-8A0F-55936AC03EB9}.Debug|x86.ActiveCfg = Debug|Win32
		{CCB20CE1-5036-4EA2-8A0F-55936AC03EB9}.Debug|x86.Build.0 = Debug|Win32
		{CCB20CE1-5036-4EA2-8A0F-55936AC03EB9}.Release|Any CPU.ActiveCfg = Release|Win32
		{CCB20CE1-5036-4EA2-8A0F-55936AC03EB9}.Release|x64.ActiveCfg = Release|x64
		{CCB20CE1-5036-4EA2-8A0F-55936AC03EB9}.Release|x64.Build.0 = Release|x64
		{CCB20CE1-5036-4EA2-8A0F-55936AC03EB9}.Release|x86.ActiveCfg = Release|Win32
		{CCB20CE1-5036-4EA2-8A0F-55936AC03EB9}.Release|x86.Build.0 = Release|Win32
		{CA0F6B8A-5E69-4FDA-B0E4-21CF7A64E758}.Debug|Any CPU.ActiveCfg = Debug|Any CPU
		{CA0F6B8A-5E69-4FDA-B0E4-21CF7A64E758}.Debug|x64.ActiveCfg = Debug|Any CPU
		{CA0F6B8A-5E69-4FDA-B0E4-21CF7A64E758}.Debug|x86.ActiveCfg = Debug|Any CPU
		{CA0F6B8A-5E69-4FDA-B0E4-21CF7A64E758}.Release|Any CPU.ActiveCfg = Release|Any CPU
		{CA0F6B8A-5E69-4FDA-B0E4-21CF7A64E758}.Release|x64.ActiveCfg = Release|Any CPU
		{CA0F6B8A-5E69-4FDA-B0E4-21CF7A64E758}.Release|x86.ActiveCfg = Release|Any CPU
	EndGlobalSection
	GlobalSection(SolutionProperties) = preSolution
		HideSolutionNode = FALSE
	EndGlobalSection
	GlobalSection(ExtensibilityGlobals) = postSolution
		SolutionGuid = {7A0506B4-1870-4CCC-A3C3-D35DE528B9E9}
	EndGlobalSection
EndGlobal
